# This file is automatically @generated by Cargo.
# It is not intended for manual editing.
version = 3

[[package]]
name = "arrayvec"
version = "0.5.2"
source = "registry+https://github.com/rust-lang/crates.io-index"
checksum = "23b62fc65de8e4e7f52534fb52b0f3ed04746ae267519eef2a83941e8085068b"

[[package]]
name = "pretty"
version = "0.12.4"
source = "registry+https://github.com/rust-lang/crates.io-index"
checksum = "ac98773b7109bc75f475ab5a134c9b64b87e59d776d31098d8f346922396a477"
dependencies = [
 "arrayvec",
 "typed-arena",
 "unicode-width",
]

[[package]]
name = "pretty-util"
version = "0.1.0"
dependencies = [
 "pretty",
]

[[package]]
name = "typed-arena"
version = "2.0.2"
source = "registry+https://github.com/rust-lang/crates.io-index"
checksum = "6af6ae20167a9ece4bcb41af5b80f8a1f1df981f6391189ce00fd257af04126a"

[[package]]
name = "unicode-width"
version = "0.1.14"
source = "registry+https://github.com/rust-lang/crates.io-index"
checksum = "7dd6e30e90baa6f72411720665d41d89b9a3d039dc45b8faea1ddd07f617f6af"
